
Microsoft Visual Studio Solution File, Format Version 12.00
# Visual Studio Version 17
VisualStudioVersion = 17.6.33815.320
MinimumVisualStudioVersion = 10.0.40219.1
Project("{FAE04EC0-301F-11D3-BF4B-00C04F79EFBC}") = "Principles", "Principles\Principles.csproj", "{B6AA1D67-DB29-4A43-AA82-431599815DAB}"
EndProject
Global
	GlobalSection(SolutionConfigurationPlatforms) = preSolution
		Debug|Any CPU = Debug|Any CPU
		Release|Any CPU = Release|Any CPU
	EndGlobalSection
	GlobalSection(ProjectConfigurationPlatforms) = postSolution
		{B6AA1D67-DB29-4A43-AA82-431599815DAB}.Debug|Any CPU.ActiveCfg = Debug|Any CPU
		{B6AA1D67-DB29-4A43-AA82-431599815DAB}.Debug|Any CPU.Build.0 = Debug|Any CPU
		{B6AA1D67-DB29-4A43-AA82-431599815DAB}.Release|Any CPU.ActiveCfg = Release|Any CPU
		{B6AA1D67-DB29-4A43-AA82-431599815DAB}.Release|Any CPU.Build.0 = Release|Any CPU
	EndGlobalSection
	GlobalSection(SolutionProperties) = preSolution
		HideSolutionNode = FALSE
	EndGlobalSection
	GlobalSection(ExtensibilityGlobals) = postSolution
		SolutionGuid = {C2C08B68-A847-4C0D-8A2A-50D500CCEFF8}
	EndGlobalSection
EndGlobal
